
Microsoft Visual Studio Solution File, Format Version 12.00
# Visual Studio Version 16
VisualStudioVersion = 16.0.28803.202
MinimumVisualStudioVersion = 10.0.40219.1
Project("{9A19103F-16F7-4668-BE54-9A1E7A4F7556}") = "CoreCmdPlayground", "CoreCmdPlayground\CoreCmdPlayground.csproj", "{7FB5F101-1232-4646-AC37-40535CB5BBDE}"
EndProject
Project("{2150E333-8FDC-42A3-9474-1A3956D46DE8}") = "Solution Items", "Solution Items", "{A818189E-B555-46A2-9DEE-1322EEBCE8B8}"
	ProjectSection(SolutionItems) = preProject
		.gitignore = .gitignore
		nuget.config = nuget.config
		README.md = README.md
	EndProjectSection
EndProject
Project("{6EC3EE1D-3C4E-46DD-8F32-0CC8E7565705}") = "FsharpConsoleApp", "FsharpConsoleApp\FsharpConsoleApp.fsproj", "{7025633B-A4CA-4496-857B-AD66281F4D66}"
EndProject
Project("{6EC3EE1D-3C4E-46DD-8F32-0CC8E7565705}") = "FsharpLib", "FsharpLib\FsharpLib.fsproj", "{261010D5-F9D3-4E14-9660-208A5585B427}"
EndProject
Project("{9A19103F-16F7-4668-BE54-9A1E7A4F7556}") = "CoreCmdPlaygroundLib", "CoreCmdPlaygroundLib\CoreCmdPlaygroundLib.csproj", "{1F5788BB-09E1-4CCB-AACC-2DDA0323E50B}"
EndProject
Global
	GlobalSection(SolutionConfigurationPlatforms) = preSolution
		Debug|Any CPU = Debug|Any CPU
		Release|Any CPU = Release|Any CPU
	EndGlobalSection
	GlobalSection(ProjectConfigurationPlatforms) = postSolution
		{7FB5F101-1232-4646-AC37-40535CB5BBDE}.Debug|Any CPU.ActiveCfg = Debug|Any CPU
		{7FB5F101-1232-4646-AC37-40535CB5BBDE}.Debug|Any CPU.Build.0 = Debug|Any CPU
		{7FB5F101-1232-4646-AC37-40535CB5BBDE}.Release|Any CPU.ActiveCfg = Release|Any CPU
		{7FB5F101-1232-4646-AC37-40535CB5BBDE}.Release|Any CPU.Build.0 = Release|Any CPU
		{7025633B-A4CA-4496-857B-AD66281F4D66}.Debug|Any CPU.ActiveCfg = Debug|Any CPU
		{7025633B-A4CA-4496-857B-AD66281F4D66}.Debug|Any CPU.Build.0 = Debug|Any CPU
		{7025633B-A4CA-4496-857B-AD66281F4D66}.Release|Any CPU.ActiveCfg = Release|Any CPU
		{7025633B-A4CA-4496-857B-AD66281F4D66}.Release|Any CPU.Build.0 = Release|Any CPU
		{261010D5-F9D3-4E14-9660-208A5585B427}.Debug|Any CPU.ActiveCfg = Debug|Any CPU
		{261010D5-F9D3-4E14-9660-208A5585B427}.Debug|Any CPU.Build.0 = Debug|Any CPU
		{261010D5-F9D3-4E14-9660-208A5585B427}.Release|Any CPU.ActiveCfg = Release|Any CPU
		{261010D5-F9D3-4E14-9660-208A5585B427}.Release|Any CPU.Build.0 = Release|Any CPU
		{1F5788BB-09E1-4CCB-AACC-2DDA0323E50B}.Debug|Any CPU.ActiveCfg = Debug|Any CPU
		{1F5788BB-09E1-4CCB-AACC-2DDA0323E50B}.Debug|Any CPU.Build.0 = Debug|Any CPU
		{1F5788BB-09E1-4CCB-AACC-2DDA0323E50B}.Release|Any CPU.ActiveCfg = Release|Any CPU
		{1F5788BB-09E1-4CCB-AACC-2DDA0323E50B}.Release|Any CPU.Build.0 = Release|Any CPU
	EndGlobalSection
	GlobalSection(SolutionProperties) = preSolution
		HideSolutionNode = FALSE
	EndGlobalSection
	GlobalSection(ExtensibilityGlobals) = postSolution
		SolutionGuid = {032760E8-99EC-43C8-9097-B67EF8BC954F}
	EndGlobalSection
EndGlobal
