
Microsoft Visual Studio Solution File, Format Version 12.00
# Visual Studio Version 16
VisualStudioVersion = 16.0.28803.202
MinimumVisualStudioVersion = 10.0.40219.1
Project("{9A19103F-16F7-4668-BE54-9A1E7A4F7556}") = "CoreCmdPlayground", "CoreCmdPlayground\CoreCmdPlayground.csproj", "{7FB5F101-1232-4646-AC37-40535CB5BBDE}"
EndProject
Project("{2150E333-8FDC-42A3-9474-1A3956D46DE8}") = "Solution Items", "Solution Items", "{A818189E-B555-46A2-9DEE-1322EEBCE8B8}"
	ProjectSection(SolutionItems) = preProject
		.gitignore = .gitignore
		nuget.config = nuget.config
		README.md = README.md
	EndProjectSection
EndProject
Project("{6EC3EE1D-3C4E-46DD-8F32-0CC8E7565705}") = "FsharpConsoleApp", "FsharpConsoleApp\FsharpConsoleApp.fsproj", "{7025633B-A4CA-4496-857B-AD66281F4D66}"
EndProject
Project("{6EC3EE1D-3C4E-46DD-8F32-0CC8E7565705}") = "FsharpLib", "FsharpLib\FsharpLib.fsproj", "{261010D5-F9D3-4E14-9660-208A5585B427}"
EndProject
Project("{9A19103F-16F7-4668-BE54-9A1E7A4F7556}") = "CoreCmdPlaygroundLib", "CoreCmdPlaygroundLib\CoreCmdPlaygroundLib.csproj", "{1F5788BB-09E1-4CCB-AACC-2DDA0323E50B}"
EndProject
Project("{2150E333-8FDC-42A3-9474-1A3956D46DE8}") = "Utils", "Utils", "{C7204D5B-5BA7-48FC-9BD1-6A1EFDF63979}"
EndProject
Project("{9A19103F-16F7-4668-BE54-9A1E7A4F7556}") = "UtilityLib", "UtilityLib\UtilityLib.csproj", "{48945E87-98CE-43B5-A830-AD55A6D9E7B8}"
EndProject
Project("{2150E333-8FDC-42A3-9474-1A3956D46DE8}") = "TestLibs", "TestLibs", "{C4AF4B17-4E9A-4D40-924B-E6E21785B4DF}"
EndProject
Project("{9A19103F-16F7-4668-BE54-9A1E7A4F7556}") = "LiteDBTestLib", "LiteDBTestLib\LiteDBTestLib.csproj", "{3038C36F-054F-4D99-B6DD-31DEDDCDED96}"
EndProject
Project("{9A19103F-16F7-4668-BE54-9A1E7A4F7556}") = "HttpClientLib", "HttpClientLib\HttpClientLib.csproj", "{F4B19CA5-3444-4C67-884F-2591377DCE63}"
EndProject
Project("{E24C65DC-7377-472B-9ABA-BC803B73C61A}") = "docker-compose", "docker-compose\", "{0056762E-DF9A-4AD0-8B3E-397CE17E8FFE}"
	ProjectSection(WebsiteProperties) = preProject
		TargetFrameworkMoniker = ".NETFramework,Version%3Dv4.0"
		Debug.AspNetCompiler.VirtualPath = "/localhost_1518"
		Debug.AspNetCompiler.PhysicalPath = "docker-compose\"
		Debug.AspNetCompiler.TargetPath = "PrecompiledWeb\localhost_1518\"
		Debug.AspNetCompiler.Updateable = "true"
		Debug.AspNetCompiler.ForceOverwrite = "true"
		Debug.AspNetCompiler.FixedNames = "false"
		Debug.AspNetCompiler.Debug = "True"
		Release.AspNetCompiler.VirtualPath = "/localhost_1518"
		Release.AspNetCompiler.PhysicalPath = "docker-compose\"
		Release.AspNetCompiler.TargetPath = "PrecompiledWeb\localhost_1518\"
		Release.AspNetCompiler.Updateable = "true"
		Release.AspNetCompiler.ForceOverwrite = "true"
		Release.AspNetCompiler.FixedNames = "false"
		Release.AspNetCompiler.Debug = "False"
		VWDPort = "1518"
		SlnRelativePath = "docker-compose\"
	EndProjectSection
EndProject
Project("{9A19103F-16F7-4668-BE54-9A1E7A4F7556}") = "IoTDeviceLib", "IoTDeviceLib\IoTDeviceLib.csproj", "{B573BFD7-0004-471B-ABBF-9B7464F4D35C}"
EndProject
Project("{9A19103F-16F7-4668-BE54-9A1E7A4F7556}") = "OrleansLib", "OrleansLib\OrleansLib.csproj", "{3C8A8434-FF7B-496F-B854-5CA624B7BF3E}"
EndProject
Project("{9A19103F-16F7-4668-BE54-9A1E7A4F7556}") = "RxLib", "RxLib\RxLib.csproj", "{C4C9739D-3462-441F-B00C-80DFE4185611}"
EndProject
Project("{2150E333-8FDC-42A3-9474-1A3956D46DE8}") = "ActorPlayground", "ActorPlayground", "{3281A22D-9DF5-472D-9EB3-EE398EAADE77}"
EndProject
Project("{9A19103F-16F7-4668-BE54-9A1E7A4F7556}") = "ActorPlayground", "ActorPlayground\ActorPlayground.csproj", "{892B3732-DAAD-4402-9221-6DB7AECB4D44}"
EndProject
Project("{2150E333-8FDC-42A3-9474-1A3956D46DE8}") = "ExternalProjects", "ExternalProjects", "{B76F3FF0-DD5A-4316-93AC-497A4870EB49}"
EndProject
Project("{9A19103F-16F7-4668-BE54-9A1E7A4F7556}") = "NetCoreUtils", "..\NetCoreUtils\NetCoreUtils\NetCoreUtils.csproj", "{75D04FF8-8537-4E59-82DB-11FF97717F4B}"
EndProject
Project("{9A19103F-16F7-4668-BE54-9A1E7A4F7556}") = "CoreCmdPlayground.Http", "CoreCmdPlayground.Http\CoreCmdPlayground.Http.csproj", "{4AAF3946-A956-4EDD-B8E2-DBDD0208A99C}"
EndProject
Project("{9A19103F-16F7-4668-BE54-9A1E7A4F7556}") = "CoreCmd", "..\CoreCmd\CoreCmd\CoreCmd.csproj", "{F8C1C614-03D3-4F6E-8AE3-B4E57F19A818}"
EndProject
Project("{9A19103F-16F7-4668-BE54-9A1E7A4F7556}") = "CoreCmdPlayground.Scaffold", "CoreCmdPlayground.Scaffold\CoreCmdPlayground.Scaffold.csproj", "{4C2A5CD2-7D62-478E-B596-08367EC1C255}"
EndProject
Project("{9A19103F-16F7-4668-BE54-9A1E7A4F7556}") = "CoreCmdPlayground.CefSharp", "CoreCmdPlayground.CefSharp\CoreCmdPlayground.CefSharp.csproj", "{532D130A-7025-4D7D-AC55-B4AA7CEE05FF}"
EndProject
Project("{FAE04EC0-301F-11D3-BF4B-00C04F79EFBC}") = "CoreCmdPlayground.LuceneNet4", "CoreCmdPlayground.LuceneNet4\CoreCmdPlayground.LuceneNet4.csproj", "{4756E271-0603-4312-9C43-579D9B5109E1}"
EndProject
Project("{FAE04EC0-301F-11D3-BF4B-00C04F79EFBC}") = "CoreCmdPlayground.LuceneNet3", "CoreCmdPlayground.LuceneNet3\CoreCmdPlayground.LuceneNet3.csproj", "{076DBC6A-90B5-47E7-9F80-99576C81DA9C}"
EndProject
Global
	GlobalSection(SolutionConfigurationPlatforms) = preSolution
		Debug|Any CPU = Debug|Any CPU
		Debug|x64 = Debug|x64
		Release|Any CPU = Release|Any CPU
		Release|x64 = Release|x64
	EndGlobalSection
	GlobalSection(ProjectConfigurationPlatforms) = postSolution
		{7FB5F101-1232-4646-AC37-40535CB5BBDE}.Debug|Any CPU.ActiveCfg = Debug|Any CPU
		{7FB5F101-1232-4646-AC37-40535CB5BBDE}.Debug|Any CPU.Build.0 = Debug|Any CPU
		{7FB5F101-1232-4646-AC37-40535CB5BBDE}.Debug|x64.ActiveCfg = Debug|Any CPU
		{7FB5F101-1232-4646-AC37-40535CB5BBDE}.Debug|x64.Build.0 = Debug|Any CPU
		{7FB5F101-1232-4646-AC37-40535CB5BBDE}.Release|Any CPU.ActiveCfg = Release|Any CPU
		{7FB5F101-1232-4646-AC37-40535CB5BBDE}.Release|Any CPU.Build.0 = Release|Any CPU
		{7FB5F101-1232-4646-AC37-40535CB5BBDE}.Release|x64.ActiveCfg = Release|Any CPU
		{7FB5F101-1232-4646-AC37-40535CB5BBDE}.Release|x64.Build.0 = Release|Any CPU
		{7025633B-A4CA-4496-857B-AD66281F4D66}.Debug|Any CPU.ActiveCfg = Debug|Any CPU
		{7025633B-A4CA-4496-857B-AD66281F4D66}.Debug|Any CPU.Build.0 = Debug|Any CPU
		{7025633B-A4CA-4496-857B-AD66281F4D66}.Debug|x64.ActiveCfg = Debug|Any CPU
		{7025633B-A4CA-4496-857B-AD66281F4D66}.Debug|x64.Build.0 = Debug|Any CPU
		{7025633B-A4CA-4496-857B-AD66281F4D66}.Release|Any CPU.ActiveCfg = Release|Any CPU
		{7025633B-A4CA-4496-857B-AD66281F4D66}.Release|Any CPU.Build.0 = Release|Any CPU
		{7025633B-A4CA-4496-857B-AD66281F4D66}.Release|x64.ActiveCfg = Release|Any CPU
		{7025633B-A4CA-4496-857B-AD66281F4D66}.Release|x64.Build.0 = Release|Any CPU
		{261010D5-F9D3-4E14-9660-208A5585B427}.Debug|Any CPU.ActiveCfg = Debug|Any CPU
		{261010D5-F9D3-4E14-9660-208A5585B427}.Debug|Any CPU.Build.0 = Debug|Any CPU
		{261010D5-F9D3-4E14-9660-208A5585B427}.Debug|x64.ActiveCfg = Debug|Any CPU
		{261010D5-F9D3-4E14-9660-208A5585B427}.Debug|x64.Build.0 = Debug|Any CPU
		{261010D5-F9D3-4E14-9660-208A5585B427}.Release|Any CPU.ActiveCfg = Release|Any CPU
		{261010D5-F9D3-4E14-9660-208A5585B427}.Release|Any CPU.Build.0 = Release|Any CPU
		{261010D5-F9D3-4E14-9660-208A5585B427}.Release|x64.ActiveCfg = Release|Any CPU
		{261010D5-F9D3-4E14-9660-208A5585B427}.Release|x64.Build.0 = Release|Any CPU
		{1F5788BB-09E1-4CCB-AACC-2DDA0323E50B}.Debug|Any CPU.ActiveCfg = Debug|Any CPU
		{1F5788BB-09E1-4CCB-AACC-2DDA0323E50B}.Debug|Any CPU.Build.0 = Debug|Any CPU
		{1F5788BB-09E1-4CCB-AACC-2DDA0323E50B}.Debug|x64.ActiveCfg = Debug|Any CPU
		{1F5788BB-09E1-4CCB-AACC-2DDA0323E50B}.Debug|x64.Build.0 = Debug|Any CPU
		{1F5788BB-09E1-4CCB-AACC-2DDA0323E50B}.Release|Any CPU.ActiveCfg = Release|Any CPU
		{1F5788BB-09E1-4CCB-AACC-2DDA0323E50B}.Release|Any CPU.Build.0 = Release|Any CPU
		{1F5788BB-09E1-4CCB-AACC-2DDA0323E50B}.Release|x64.ActiveCfg = Release|Any CPU
		{1F5788BB-09E1-4CCB-AACC-2DDA0323E50B}.Release|x64.Build.0 = Release|Any CPU
		{48945E87-98CE-43B5-A830-AD55A6D9E7B8}.Debug|Any CPU.ActiveCfg = Debug|Any CPU
		{48945E87-98CE-43B5-A830-AD55A6D9E7B8}.Debug|Any CPU.Build.0 = Debug|Any CPU
		{48945E87-98CE-43B5-A830-AD55A6D9E7B8}.Debug|x64.ActiveCfg = Debug|Any CPU
		{48945E87-98CE-43B5-A830-AD55A6D9E7B8}.Debug|x64.Build.0 = Debug|Any CPU
		{48945E87-98CE-43B5-A830-AD55A6D9E7B8}.Release|Any CPU.ActiveCfg = Release|Any CPU
		{48945E87-98CE-43B5-A830-AD55A6D9E7B8}.Release|Any CPU.Build.0 = Release|Any CPU
		{48945E87-98CE-43B5-A830-AD55A6D9E7B8}.Release|x64.ActiveCfg = Release|Any CPU
		{48945E87-98CE-43B5-A830-AD55A6D9E7B8}.Release|x64.Build.0 = Release|Any CPU
		{3038C36F-054F-4D99-B6DD-31DEDDCDED96}.Debug|Any CPU.ActiveCfg = Debug|Any CPU
		{3038C36F-054F-4D99-B6DD-31DEDDCDED96}.Debug|Any CPU.Build.0 = Debug|Any CPU
		{3038C36F-054F-4D99-B6DD-31DEDDCDED96}.Debug|x64.ActiveCfg = Debug|Any CPU
		{3038C36F-054F-4D99-B6DD-31DEDDCDED96}.Debug|x64.Build.0 = Debug|Any CPU
		{3038C36F-054F-4D99-B6DD-31DEDDCDED96}.Release|Any CPU.ActiveCfg = Release|Any CPU
		{3038C36F-054F-4D99-B6DD-31DEDDCDED96}.Release|Any CPU.Build.0 = Release|Any CPU
		{3038C36F-054F-4D99-B6DD-31DEDDCDED96}.Release|x64.ActiveCfg = Release|Any CPU
		{3038C36F-054F-4D99-B6DD-31DEDDCDED96}.Release|x64.Build.0 = Release|Any CPU
		{F4B19CA5-3444-4C67-884F-2591377DCE63}.Debug|Any CPU.ActiveCfg = Debug|Any CPU
		{F4B19CA5-3444-4C67-884F-2591377DCE63}.Debug|Any CPU.Build.0 = Debug|Any CPU
		{F4B19CA5-3444-4C67-884F-2591377DCE63}.Debug|x64.ActiveCfg = Debug|Any CPU
		{F4B19CA5-3444-4C67-884F-2591377DCE63}.Debug|x64.Build.0 = Debug|Any CPU
		{F4B19CA5-3444-4C67-884F-2591377DCE63}.Release|Any CPU.ActiveCfg = Release|Any CPU
		{F4B19CA5-3444-4C67-884F-2591377DCE63}.Release|Any CPU.Build.0 = Release|Any CPU
		{F4B19CA5-3444-4C67-884F-2591377DCE63}.Release|x64.ActiveCfg = Release|Any CPU
		{F4B19CA5-3444-4C67-884F-2591377DCE63}.Release|x64.Build.0 = Release|Any CPU
		{0056762E-DF9A-4AD0-8B3E-397CE17E8FFE}.Debug|Any CPU.ActiveCfg = Debug|Any CPU
		{0056762E-DF9A-4AD0-8B3E-397CE17E8FFE}.Debug|Any CPU.Build.0 = Debug|Any CPU
		{0056762E-DF9A-4AD0-8B3E-397CE17E8FFE}.Debug|x64.ActiveCfg = Debug|Any CPU
		{0056762E-DF9A-4AD0-8B3E-397CE17E8FFE}.Debug|x64.Build.0 = Debug|Any CPU
		{0056762E-DF9A-4AD0-8B3E-397CE17E8FFE}.Release|Any CPU.ActiveCfg = Debug|Any CPU
		{0056762E-DF9A-4AD0-8B3E-397CE17E8FFE}.Release|Any CPU.Build.0 = Debug|Any CPU
		{0056762E-DF9A-4AD0-8B3E-397CE17E8FFE}.Release|x64.ActiveCfg = Debug|Any CPU
		{0056762E-DF9A-4AD0-8B3E-397CE17E8FFE}.Release|x64.Build.0 = Debug|Any CPU
		{B573BFD7-0004-471B-ABBF-9B7464F4D35C}.Debug|Any CPU.ActiveCfg = Debug|Any CPU
		{B573BFD7-0004-471B-ABBF-9B7464F4D35C}.Debug|Any CPU.Build.0 = Debug|Any CPU
		{B573BFD7-0004-471B-ABBF-9B7464F4D35C}.Debug|x64.ActiveCfg = Debug|Any CPU
		{B573BFD7-0004-471B-ABBF-9B7464F4D35C}.Debug|x64.Build.0 = Debug|Any CPU
		{B573BFD7-0004-471B-ABBF-9B7464F4D35C}.Release|Any CPU.ActiveCfg = Release|Any CPU
		{B573BFD7-0004-471B-ABBF-9B7464F4D35C}.Release|Any CPU.Build.0 = Release|Any CPU
		{B573BFD7-0004-471B-ABBF-9B7464F4D35C}.Release|x64.ActiveCfg = Release|Any CPU
		{B573BFD7-0004-471B-ABBF-9B7464F4D35C}.Release|x64.Build.0 = Release|Any CPU
		{3C8A8434-FF7B-496F-B854-5CA624B7BF3E}.Debug|Any CPU.ActiveCfg = Debug|Any CPU
		{3C8A8434-FF7B-496F-B854-5CA624B7BF3E}.Debug|Any CPU.Build.0 = Debug|Any CPU
		{3C8A8434-FF7B-496F-B854-5CA624B7BF3E}.Debug|x64.ActiveCfg = Debug|Any CPU
		{3C8A8434-FF7B-496F-B854-5CA624B7BF3E}.Debug|x64.Build.0 = Debug|Any CPU
		{3C8A8434-FF7B-496F-B854-5CA624B7BF3E}.Release|Any CPU.ActiveCfg = Release|Any CPU
		{3C8A8434-FF7B-496F-B854-5CA624B7BF3E}.Release|Any CPU.Build.0 = Release|Any CPU
		{3C8A8434-FF7B-496F-B854-5CA624B7BF3E}.Release|x64.ActiveCfg = Release|Any CPU
		{3C8A8434-FF7B-496F-B854-5CA624B7BF3E}.Release|x64.Build.0 = Release|Any CPU
		{C4C9739D-3462-441F-B00C-80DFE4185611}.Debug|Any CPU.ActiveCfg = Debug|Any CPU
		{C4C9739D-3462-441F-B00C-80DFE4185611}.Debug|Any CPU.Build.0 = Debug|Any CPU
		{C4C9739D-3462-441F-B00C-80DFE4185611}.Debug|x64.ActiveCfg = Debug|Any CPU
		{C4C9739D-3462-441F-B00C-80DFE4185611}.Debug|x64.Build.0 = Debug|Any CPU
		{C4C9739D-3462-441F-B00C-80DFE4185611}.Release|Any CPU.ActiveCfg = Release|Any CPU
		{C4C9739D-3462-441F-B00C-80DFE4185611}.Release|Any CPU.Build.0 = Release|Any CPU
		{C4C9739D-3462-441F-B00C-80DFE4185611}.Release|x64.ActiveCfg = Release|Any CPU
		{C4C9739D-3462-441F-B00C-80DFE4185611}.Release|x64.Build.0 = Release|Any CPU
		{892B3732-DAAD-4402-9221-6DB7AECB4D44}.Debug|Any CPU.ActiveCfg = Debug|Any CPU
		{892B3732-DAAD-4402-9221-6DB7AECB4D44}.Debug|Any CPU.Build.0 = Debug|Any CPU
		{892B3732-DAAD-4402-9221-6DB7AECB4D44}.Debug|x64.ActiveCfg = Debug|Any CPU
		{892B3732-DAAD-4402-9221-6DB7AECB4D44}.Debug|x64.Build.0 = Debug|Any CPU
		{892B3732-DAAD-4402-9221-6DB7AECB4D44}.Release|Any CPU.ActiveCfg = Release|Any CPU
		{892B3732-DAAD-4402-9221-6DB7AECB4D44}.Release|Any CPU.Build.0 = Release|Any CPU
		{892B3732-DAAD-4402-9221-6DB7AECB4D44}.Release|x64.ActiveCfg = Release|Any CPU
		{892B3732-DAAD-4402-9221-6DB7AECB4D44}.Release|x64.Build.0 = Release|Any CPU
		{75D04FF8-8537-4E59-82DB-11FF97717F4B}.Debug|Any CPU.ActiveCfg = Debug|Any CPU
		{75D04FF8-8537-4E59-82DB-11FF97717F4B}.Debug|Any CPU.Build.0 = Debug|Any CPU
		{75D04FF8-8537-4E59-82DB-11FF97717F4B}.Debug|x64.ActiveCfg = Debug|Any CPU
		{75D04FF8-8537-4E59-82DB-11FF97717F4B}.Debug|x64.Build.0 = Debug|Any CPU
		{75D04FF8-8537-4E59-82DB-11FF97717F4B}.Release|Any CPU.ActiveCfg = Release|Any CPU
		{75D04FF8-8537-4E59-82DB-11FF97717F4B}.Release|Any CPU.Build.0 = Release|Any CPU
		{75D04FF8-8537-4E59-82DB-11FF97717F4B}.Release|x64.ActiveCfg = Release|Any CPU
		{75D04FF8-8537-4E59-82DB-11FF97717F4B}.Release|x64.Build.0 = Release|Any CPU
		{4AAF3946-A956-4EDD-B8E2-DBDD0208A99C}.Debug|Any CPU.ActiveCfg = Debug|Any CPU
		{4AAF3946-A956-4EDD-B8E2-DBDD0208A99C}.Debug|Any CPU.Build.0 = Debug|Any CPU
		{4AAF3946-A956-4EDD-B8E2-DBDD0208A99C}.Debug|x64.ActiveCfg = Debug|Any CPU
		{4AAF3946-A956-4EDD-B8E2-DBDD0208A99C}.Debug|x64.Build.0 = Debug|Any CPU
		{4AAF3946-A956-4EDD-B8E2-DBDD0208A99C}.Release|Any CPU.ActiveCfg = Release|Any CPU
		{4AAF3946-A956-4EDD-B8E2-DBDD0208A99C}.Release|Any CPU.Build.0 = Release|Any CPU
		{4AAF3946-A956-4EDD-B8E2-DBDD0208A99C}.Release|x64.ActiveCfg = Release|Any CPU
		{4AAF3946-A956-4EDD-B8E2-DBDD0208A99C}.Release|x64.Build.0 = Release|Any CPU
		{F8C1C614-03D3-4F6E-8AE3-B4E57F19A818}.Debug|Any CPU.ActiveCfg = Debug|Any CPU
		{F8C1C614-03D3-4F6E-8AE3-B4E57F19A818}.Debug|Any CPU.Build.0 = Debug|Any CPU
		{F8C1C614-03D3-4F6E-8AE3-B4E57F19A818}.Debug|x64.ActiveCfg = Debug|Any CPU
		{F8C1C614-03D3-4F6E-8AE3-B4E57F19A818}.Debug|x64.Build.0 = Debug|Any CPU
		{F8C1C614-03D3-4F6E-8AE3-B4E57F19A818}.Release|Any CPU.ActiveCfg = Release|Any CPU
		{F8C1C614-03D3-4F6E-8AE3-B4E57F19A818}.Release|Any CPU.Build.0 = Release|Any CPU
		{F8C1C614-03D3-4F6E-8AE3-B4E57F19A818}.Release|x64.ActiveCfg = Release|Any CPU
		{F8C1C614-03D3-4F6E-8AE3-B4E57F19A818}.Release|x64.Build.0 = Release|Any CPU
		{4C2A5CD2-7D62-478E-B596-08367EC1C255}.Debug|Any CPU.ActiveCfg = Debug|Any CPU
		{4C2A5CD2-7D62-478E-B596-08367EC1C255}.Debug|Any CPU.Build.0 = Debug|Any CPU
		{4C2A5CD2-7D62-478E-B596-08367EC1C255}.Debug|x64.ActiveCfg = Debug|Any CPU
		{4C2A5CD2-7D62-478E-B596-08367EC1C255}.Debug|x64.Build.0 = Debug|Any CPU
		{4C2A5CD2-7D62-478E-B596-08367EC1C255}.Release|Any CPU.ActiveCfg = Release|Any CPU
		{4C2A5CD2-7D62-478E-B596-08367EC1C255}.Release|Any CPU.Build.0 = Release|Any CPU
		{4C2A5CD2-7D62-478E-B596-08367EC1C255}.Release|x64.ActiveCfg = Release|Any CPU
		{4C2A5CD2-7D62-478E-B596-08367EC1C255}.Release|x64.Build.0 = Release|Any CPU
		{532D130A-7025-4D7D-AC55-B4AA7CEE05FF}.Debug|Any CPU.ActiveCfg = Debug|x64
		{532D130A-7025-4D7D-AC55-B4AA7CEE05FF}.Debug|Any CPU.Build.0 = Debug|x64
		{532D130A-7025-4D7D-AC55-B4AA7CEE05FF}.Debug|x64.ActiveCfg = Debug|x64
		{532D130A-7025-4D7D-AC55-B4AA7CEE05FF}.Debug|x64.Build.0 = Debug|x64
		{532D130A-7025-4D7D-AC55-B4AA7CEE05FF}.Release|Any CPU.ActiveCfg = Release|x64
		{532D130A-7025-4D7D-AC55-B4AA7CEE05FF}.Release|Any CPU.Build.0 = Release|x64
		{532D130A-7025-4D7D-AC55-B4AA7CEE05FF}.Release|x64.ActiveCfg = Release|x64
		{532D130A-7025-4D7D-AC55-B4AA7CEE05FF}.Release|x64.Build.0 = Release|x64
		{4756E271-0603-4312-9C43-579D9B5109E1}.Debug|Any CPU.ActiveCfg = Debug|Any CPU
		{4756E271-0603-4312-9C43-579D9B5109E1}.Debug|Any CPU.Build.0 = Debug|Any CPU
		{4756E271-0603-4312-9C43-579D9B5109E1}.Debug|x64.ActiveCfg = Debug|Any CPU
		{4756E271-0603-4312-9C43-579D9B5109E1}.Debug|x64.Build.0 = Debug|Any CPU
		{4756E271-0603-4312-9C43-579D9B5109E1}.Release|Any CPU.ActiveCfg = Release|Any CPU
		{4756E271-0603-4312-9C43-579D9B5109E1}.Release|Any CPU.Build.0 = Release|Any CPU
		{4756E271-0603-4312-9C43-579D9B5109E1}.Release|x64.ActiveCfg = Release|Any CPU
		{4756E271-0603-4312-9C43-579D9B5109E1}.Release|x64.Build.0 = Release|Any CPU
		{076DBC6A-90B5-47E7-9F80-99576C81DA9C}.Debug|Any CPU.ActiveCfg = Debug|Any CPU
		{076DBC6A-90B5-47E7-9F80-99576C81DA9C}.Debug|Any CPU.Build.0 = Debug|Any CPU
		{076DBC6A-90B5-47E7-9F80-99576C81DA9C}.Debug|x64.ActiveCfg = Debug|Any CPU
		{076DBC6A-90B5-47E7-9F80-99576C81DA9C}.Debug|x64.Build.0 = Debug|Any CPU
		{076DBC6A-90B5-47E7-9F80-99576C81DA9C}.Release|Any CPU.ActiveCfg = Release|Any CPU
		{076DBC6A-90B5-47E7-9F80-99576C81DA9C}.Release|Any CPU.Build.0 = Release|Any CPU
		{076DBC6A-90B5-47E7-9F80-99576C81DA9C}.Release|x64.ActiveCfg = Release|Any CPU
		{076DBC6A-90B5-47E7-9F80-99576C81DA9C}.Release|x64.Build.0 = Release|Any CPU
	EndGlobalSection
	GlobalSection(SolutionProperties) = preSolution
		HideSolutionNode = FALSE
	EndGlobalSection
	GlobalSection(NestedProjects) = preSolution
		{261010D5-F9D3-4E14-9660-208A5585B427} = {C4AF4B17-4E9A-4D40-924B-E6E21785B4DF}
		{1F5788BB-09E1-4CCB-AACC-2DDA0323E50B} = {C4AF4B17-4E9A-4D40-924B-E6E21785B4DF}
		{48945E87-98CE-43B5-A830-AD55A6D9E7B8} = {C7204D5B-5BA7-48FC-9BD1-6A1EFDF63979}
		{3038C36F-054F-4D99-B6DD-31DEDDCDED96} = {C4AF4B17-4E9A-4D40-924B-E6E21785B4DF}
		{F4B19CA5-3444-4C67-884F-2591377DCE63} = {C4AF4B17-4E9A-4D40-924B-E6E21785B4DF}
		{B573BFD7-0004-471B-ABBF-9B7464F4D35C} = {C4AF4B17-4E9A-4D40-924B-E6E21785B4DF}
		{3C8A8434-FF7B-496F-B854-5CA624B7BF3E} = {3281A22D-9DF5-472D-9EB3-EE398EAADE77}
		{C4C9739D-3462-441F-B00C-80DFE4185611} = {C4AF4B17-4E9A-4D40-924B-E6E21785B4DF}
		{892B3732-DAAD-4402-9221-6DB7AECB4D44} = {3281A22D-9DF5-472D-9EB3-EE398EAADE77}
		{75D04FF8-8537-4E59-82DB-11FF97717F4B} = {B76F3FF0-DD5A-4316-93AC-497A4870EB49}
		{F8C1C614-03D3-4F6E-8AE3-B4E57F19A818} = {B76F3FF0-DD5A-4316-93AC-497A4870EB49}
	EndGlobalSection
	GlobalSection(ExtensibilityGlobals) = postSolution
		SolutionGuid = {032760E8-99EC-43C8-9097-B67EF8BC954F}
	EndGlobalSection
EndGlobal
