
Microsoft Visual Studio Solution File, Format Version 12.00
# Visual Studio Version 16
VisualStudioVersion = 16.0.28803.202
MinimumVisualStudioVersion = 10.0.40219.1
Project("{9A19103F-16F7-4668-BE54-9A1E7A4F7556}") = "CoreCmdPlayground", "CoreCmdPlayground\CoreCmdPlayground.csproj", "{7FB5F101-1232-4646-AC37-40535CB5BBDE}"
EndProject
Project("{2150E333-8FDC-42A3-9474-1A3956D46DE8}") = "Solution Items", "Solution Items", "{A818189E-B555-46A2-9DEE-1322EEBCE8B8}"
	ProjectSection(SolutionItems) = preProject
		.gitignore = .gitignore
		nuget.config = nuget.config
		README.md = README.md
	EndProjectSection
EndProject
Project("{6EC3EE1D-3C4E-46DD-8F32-0CC8E7565705}") = "FsharpConsoleApp", "FsharpConsoleApp\FsharpConsoleApp.fsproj", "{7025633B-A4CA-4496-857B-AD66281F4D66}"
EndProject
Project("{6EC3EE1D-3C4E-46DD-8F32-0CC8E7565705}") = "FsharpLib", "FsharpLib\FsharpLib.fsproj", "{261010D5-F9D3-4E14-9660-208A5585B427}"
EndProject
Project("{9A19103F-16F7-4668-BE54-9A1E7A4F7556}") = "CoreCmdPlaygroundLib", "CoreCmdPlaygroundLib\CoreCmdPlaygroundLib.csproj", "{1F5788BB-09E1-4CCB-AACC-2DDA0323E50B}"
EndProject
Project("{2150E333-8FDC-42A3-9474-1A3956D46DE8}") = "Utils", "Utils", "{C7204D5B-5BA7-48FC-9BD1-6A1EFDF63979}"
EndProject
Project("{9A19103F-16F7-4668-BE54-9A1E7A4F7556}") = "UtilityLib", "UtilityLib\UtilityLib.csproj", "{48945E87-98CE-43B5-A830-AD55A6D9E7B8}"
EndProject
Project("{2150E333-8FDC-42A3-9474-1A3956D46DE8}") = "TestLibs", "TestLibs", "{C4AF4B17-4E9A-4D40-924B-E6E21785B4DF}"
EndProject
Project("{9A19103F-16F7-4668-BE54-9A1E7A4F7556}") = "LiteDBTestLib", "LiteDBTestLib\LiteDBTestLib.csproj", "{3038C36F-054F-4D99-B6DD-31DEDDCDED96}"
EndProject
Project("{9A19103F-16F7-4668-BE54-9A1E7A4F7556}") = "MongoDBLib", "MongoDBLib\MongoDBLib.csproj", "{259EB587-7C3D-457E-B833-03E4BA325C02}"
EndProject
Project("{9A19103F-16F7-4668-BE54-9A1E7A4F7556}") = "HttpClientLib", "HttpClientLib\HttpClientLib.csproj", "{F4B19CA5-3444-4C67-884F-2591377DCE63}"
EndProject
Project("{9A19103F-16F7-4668-BE54-9A1E7A4F7556}") = "InfluxDBTestLib", "InfluxDBTestLib\InfluxDBTestLib.csproj", "{BF9E0772-8468-4586-A251-0344E9016755}"
EndProject
Project("{E24C65DC-7377-472B-9ABA-BC803B73C61A}") = "docker-compose", "docker-compose\", "{0056762E-DF9A-4AD0-8B3E-397CE17E8FFE}"
	ProjectSection(WebsiteProperties) = preProject
		TargetFrameworkMoniker = ".NETFramework,Version%3Dv4.0"
		Debug.AspNetCompiler.VirtualPath = "/localhost_1518"
		Debug.AspNetCompiler.PhysicalPath = "docker-compose\"
		Debug.AspNetCompiler.TargetPath = "PrecompiledWeb\localhost_1518\"
		Debug.AspNetCompiler.Updateable = "true"
		Debug.AspNetCompiler.ForceOverwrite = "true"
		Debug.AspNetCompiler.FixedNames = "false"
		Debug.AspNetCompiler.Debug = "True"
		Release.AspNetCompiler.VirtualPath = "/localhost_1518"
		Release.AspNetCompiler.PhysicalPath = "docker-compose\"
		Release.AspNetCompiler.TargetPath = "PrecompiledWeb\localhost_1518\"
		Release.AspNetCompiler.Updateable = "true"
		Release.AspNetCompiler.ForceOverwrite = "true"
		Release.AspNetCompiler.FixedNames = "false"
		Release.AspNetCompiler.Debug = "False"
		VWDPort = "1518"
	EndProjectSection
EndProject
Global
	GlobalSection(SolutionConfigurationPlatforms) = preSolution
		Debug|Any CPU = Debug|Any CPU
		Release|Any CPU = Release|Any CPU
	EndGlobalSection
	GlobalSection(ProjectConfigurationPlatforms) = postSolution
		{7FB5F101-1232-4646-AC37-40535CB5BBDE}.Debug|Any CPU.ActiveCfg = Debug|Any CPU
		{7FB5F101-1232-4646-AC37-40535CB5BBDE}.Debug|Any CPU.Build.0 = Debug|Any CPU
		{7FB5F101-1232-4646-AC37-40535CB5BBDE}.Release|Any CPU.ActiveCfg = Release|Any CPU
		{7FB5F101-1232-4646-AC37-40535CB5BBDE}.Release|Any CPU.Build.0 = Release|Any CPU
		{7025633B-A4CA-4496-857B-AD66281F4D66}.Debug|Any CPU.ActiveCfg = Debug|Any CPU
		{7025633B-A4CA-4496-857B-AD66281F4D66}.Debug|Any CPU.Build.0 = Debug|Any CPU
		{7025633B-A4CA-4496-857B-AD66281F4D66}.Release|Any CPU.ActiveCfg = Release|Any CPU
		{7025633B-A4CA-4496-857B-AD66281F4D66}.Release|Any CPU.Build.0 = Release|Any CPU
		{261010D5-F9D3-4E14-9660-208A5585B427}.Debug|Any CPU.ActiveCfg = Debug|Any CPU
		{261010D5-F9D3-4E14-9660-208A5585B427}.Debug|Any CPU.Build.0 = Debug|Any CPU
		{261010D5-F9D3-4E14-9660-208A5585B427}.Release|Any CPU.ActiveCfg = Release|Any CPU
		{261010D5-F9D3-4E14-9660-208A5585B427}.Release|Any CPU.Build.0 = Release|Any CPU
		{1F5788BB-09E1-4CCB-AACC-2DDA0323E50B}.Debug|Any CPU.ActiveCfg = Debug|Any CPU
		{1F5788BB-09E1-4CCB-AACC-2DDA0323E50B}.Debug|Any CPU.Build.0 = Debug|Any CPU
		{1F5788BB-09E1-4CCB-AACC-2DDA0323E50B}.Release|Any CPU.ActiveCfg = Release|Any CPU
		{1F5788BB-09E1-4CCB-AACC-2DDA0323E50B}.Release|Any CPU.Build.0 = Release|Any CPU
		{48945E87-98CE-43B5-A830-AD55A6D9E7B8}.Debug|Any CPU.ActiveCfg = Debug|Any CPU
		{48945E87-98CE-43B5-A830-AD55A6D9E7B8}.Debug|Any CPU.Build.0 = Debug|Any CPU
		{48945E87-98CE-43B5-A830-AD55A6D9E7B8}.Release|Any CPU.ActiveCfg = Release|Any CPU
		{48945E87-98CE-43B5-A830-AD55A6D9E7B8}.Release|Any CPU.Build.0 = Release|Any CPU
		{3038C36F-054F-4D99-B6DD-31DEDDCDED96}.Debug|Any CPU.ActiveCfg = Debug|Any CPU
		{3038C36F-054F-4D99-B6DD-31DEDDCDED96}.Debug|Any CPU.Build.0 = Debug|Any CPU
		{3038C36F-054F-4D99-B6DD-31DEDDCDED96}.Release|Any CPU.ActiveCfg = Release|Any CPU
		{3038C36F-054F-4D99-B6DD-31DEDDCDED96}.Release|Any CPU.Build.0 = Release|Any CPU
		{259EB587-7C3D-457E-B833-03E4BA325C02}.Debug|Any CPU.ActiveCfg = Debug|Any CPU
		{259EB587-7C3D-457E-B833-03E4BA325C02}.Debug|Any CPU.Build.0 = Debug|Any CPU
		{259EB587-7C3D-457E-B833-03E4BA325C02}.Release|Any CPU.ActiveCfg = Release|Any CPU
		{259EB587-7C3D-457E-B833-03E4BA325C02}.Release|Any CPU.Build.0 = Release|Any CPU
		{F4B19CA5-3444-4C67-884F-2591377DCE63}.Debug|Any CPU.ActiveCfg = Debug|Any CPU
		{F4B19CA5-3444-4C67-884F-2591377DCE63}.Debug|Any CPU.Build.0 = Debug|Any CPU
		{F4B19CA5-3444-4C67-884F-2591377DCE63}.Release|Any CPU.ActiveCfg = Release|Any CPU
		{F4B19CA5-3444-4C67-884F-2591377DCE63}.Release|Any CPU.Build.0 = Release|Any CPU
		{BF9E0772-8468-4586-A251-0344E9016755}.Debug|Any CPU.ActiveCfg = Debug|Any CPU
		{BF9E0772-8468-4586-A251-0344E9016755}.Debug|Any CPU.Build.0 = Debug|Any CPU
		{BF9E0772-8468-4586-A251-0344E9016755}.Release|Any CPU.ActiveCfg = Release|Any CPU
		{BF9E0772-8468-4586-A251-0344E9016755}.Release|Any CPU.Build.0 = Release|Any CPU
		{0056762E-DF9A-4AD0-8B3E-397CE17E8FFE}.Debug|Any CPU.ActiveCfg = Debug|Any CPU
		{0056762E-DF9A-4AD0-8B3E-397CE17E8FFE}.Debug|Any CPU.Build.0 = Debug|Any CPU
		{0056762E-DF9A-4AD0-8B3E-397CE17E8FFE}.Release|Any CPU.ActiveCfg = Debug|Any CPU
		{0056762E-DF9A-4AD0-8B3E-397CE17E8FFE}.Release|Any CPU.Build.0 = Debug|Any CPU
	EndGlobalSection
	GlobalSection(SolutionProperties) = preSolution
		HideSolutionNode = FALSE
	EndGlobalSection
	GlobalSection(NestedProjects) = preSolution
		{261010D5-F9D3-4E14-9660-208A5585B427} = {C4AF4B17-4E9A-4D40-924B-E6E21785B4DF}
		{1F5788BB-09E1-4CCB-AACC-2DDA0323E50B} = {C4AF4B17-4E9A-4D40-924B-E6E21785B4DF}
		{48945E87-98CE-43B5-A830-AD55A6D9E7B8} = {C7204D5B-5BA7-48FC-9BD1-6A1EFDF63979}
		{3038C36F-054F-4D99-B6DD-31DEDDCDED96} = {C4AF4B17-4E9A-4D40-924B-E6E21785B4DF}
		{259EB587-7C3D-457E-B833-03E4BA325C02} = {C4AF4B17-4E9A-4D40-924B-E6E21785B4DF}
		{F4B19CA5-3444-4C67-884F-2591377DCE63} = {C4AF4B17-4E9A-4D40-924B-E6E21785B4DF}
		{BF9E0772-8468-4586-A251-0344E9016755} = {C4AF4B17-4E9A-4D40-924B-E6E21785B4DF}
	EndGlobalSection
	GlobalSection(ExtensibilityGlobals) = postSolution
		SolutionGuid = {032760E8-99EC-43C8-9097-B67EF8BC954F}
	EndGlobalSection
EndGlobal
